
Microsoft Visual Studio Solution File, Format Version 12.00
# Visual Studio 15
VisualStudioVersion = 15.0.28307.705
MinimumVisualStudioVersion = 10.0.40219.1
Project("{FAE04EC0-301F-11D3-BF4B-00C04F79EFBC}") = "WcfRESTGroupesClient", "WcfRESTGroupesClient\WcfRESTGroupesClient.csproj", "{FC9DDAA6-E4C5-4CAC-9736-5038B10FA1FE}"
EndProject
Global
	GlobalSection(SolutionConfigurationPlatforms) = preSolution
		Debug|Any CPU = Debug|Any CPU
		Release|Any CPU = Release|Any CPU
	EndGlobalSection
	GlobalSection(ProjectConfigurationPlatforms) = postSolution
		{FC9DDAA6-E4C5-4CAC-9736-5038B10FA1FE}.Debug|Any CPU.ActiveCfg = Debug|Any CPU
		{FC9DDAA6-E4C5-4CAC-9736-5038B10FA1FE}.Debug|Any CPU.Build.0 = Debug|Any CPU
		{FC9DDAA6-E4C5-4CAC-9736-5038B10FA1FE}.Release|Any CPU.ActiveCfg = Release|Any CPU
		{FC9DDAA6-E4C5-4CAC-9736-5038B10FA1FE}.Release|Any CPU.Build.0 = Release|Any CPU
	EndGlobalSection
	GlobalSection(SolutionProperties) = preSolution
		HideSolutionNode = FALSE
	EndGlobalSection
	GlobalSection(ExtensibilityGlobals) = postSolution
		SolutionGuid = {4C5FF98A-8C20-4FFF-B75B-40001450A19D}
	EndGlobalSection
EndGlobal
